
Microsoft Visual Studio Solution File, Format Version 12.00
# Visual Studio Version 17
VisualStudioVersion = 17.7.34024.191
MinimumVisualStudioVersion = 10.0.40219.1
Project("{9A19103F-16F7-4668-BE54-9A1E7A4F7556}") = "Webshop", "Webshop\Webshop.csproj", "{1BE36D4A-F81B-4D2F-A169-63F137594A82}"
EndProject
Project("{9A19103F-16F7-4668-BE54-9A1E7A4F7556}") = "Webshop.Maui", "Webshop.Maui\Webshop.Maui.csproj", "{0D83768E-5AA7-4C56-8596-432F896791A4}"
EndProject
Project("{9A19103F-16F7-4668-BE54-9A1E7A4F7556}") = "Webshop.Tests", "Webshop.Test\Webshop.Tests.csproj", "{BB85CEF8-1A8C-4B05-BB34-32286726012F}"
EndProject
Project("{9A19103F-16F7-4668-BE54-9A1E7A4F7556}") = "Webshop.Api", "Webshop.Api\Webshop.Api.csproj", "{FFB99269-E3E1-403F-8BF6-D44380B240A3}"
EndProject
Project("{2150E333-8FDC-42A3-9474-1A3956D46DE8}") = "src", "src", "{ACC28B30-5197-4AF3-BA90-5EADB7FAEA6C}"
EndProject
Project("{2150E333-8FDC-42A3-9474-1A3956D46DE8}") = "test", "test", "{9E23F1D5-938E-4723-B9EC-7F9486889745}"
EndProject
Project("{9A19103F-16F7-4668-BE54-9A1E7A4F7556}") = "Webshop.Api.Tests", "Webshop.Api.Tests\Webshop.Api.Tests.csproj", "{3E8F488F-E293-4CC9-B5A4-2B81CFD570DE}"
EndProject
Project("{9A19103F-16F7-4668-BE54-9A1E7A4F7556}") = "Webshop.Maui.Tests", "Webshop.Maui.Tests\Webshop.Maui.Tests.csproj", "{411D40FA-D466-48EA-A8F9-B22D95C79887}"
EndProject
Project("{9A19103F-16F7-4668-BE54-9A1E7A4F7556}") = "appiumtest", "appiumtest\appiumtest.csproj", "{9FA705DB-6B47-436B-9763-951D63CCFE7A}"
EndProject
Global
	GlobalSection(SolutionConfigurationPlatforms) = preSolution
		Debug|Any CPU = Debug|Any CPU
		Debug|x64 = Debug|x64
		Release|Any CPU = Release|Any CPU
		Release|x64 = Release|x64
	EndGlobalSection
	GlobalSection(ProjectConfigurationPlatforms) = postSolution
		{1BE36D4A-F81B-4D2F-A169-63F137594A82}.Debug|Any CPU.ActiveCfg = Debug|Any CPU
		{1BE36D4A-F81B-4D2F-A169-63F137594A82}.Debug|Any CPU.Build.0 = Debug|Any CPU
		{1BE36D4A-F81B-4D2F-A169-63F137594A82}.Debug|x64.ActiveCfg = Debug|Any CPU
		{1BE36D4A-F81B-4D2F-A169-63F137594A82}.Debug|x64.Build.0 = Debug|Any CPU
		{1BE36D4A-F81B-4D2F-A169-63F137594A82}.Release|Any CPU.ActiveCfg = Release|Any CPU
		{1BE36D4A-F81B-4D2F-A169-63F137594A82}.Release|Any CPU.Build.0 = Release|Any CPU
		{1BE36D4A-F81B-4D2F-A169-63F137594A82}.Release|x64.ActiveCfg = Release|Any CPU
		{1BE36D4A-F81B-4D2F-A169-63F137594A82}.Release|x64.Build.0 = Release|Any CPU
		{0D83768E-5AA7-4C56-8596-432F896791A4}.Debug|Any CPU.ActiveCfg = Debug|Any CPU
		{0D83768E-5AA7-4C56-8596-432F896791A4}.Debug|Any CPU.Build.0 = Debug|Any CPU
		{0D83768E-5AA7-4C56-8596-432F896791A4}.Debug|Any CPU.Deploy.0 = Debug|Any CPU
		{0D83768E-5AA7-4C56-8596-432F896791A4}.Debug|x64.ActiveCfg = Release|x64
		{0D83768E-5AA7-4C56-8596-432F896791A4}.Debug|x64.Build.0 = Release|x64
		{0D83768E-5AA7-4C56-8596-432F896791A4}.Debug|x64.Deploy.0 = Release|x64
		{0D83768E-5AA7-4C56-8596-432F896791A4}.Release|Any CPU.ActiveCfg = Release|Any CPU
		{0D83768E-5AA7-4C56-8596-432F896791A4}.Release|Any CPU.Build.0 = Release|Any CPU
		{0D83768E-5AA7-4C56-8596-432F896791A4}.Release|Any CPU.Deploy.0 = Release|Any CPU
		{0D83768E-5AA7-4C56-8596-432F896791A4}.Release|x64.ActiveCfg = Release|x64
		{0D83768E-5AA7-4C56-8596-432F896791A4}.Release|x64.Build.0 = Release|x64
		{0D83768E-5AA7-4C56-8596-432F896791A4}.Release|x64.Deploy.0 = Release|x64
		{BB85CEF8-1A8C-4B05-BB34-32286726012F}.Debug|Any CPU.ActiveCfg = Debug|Any CPU
		{BB85CEF8-1A8C-4B05-BB34-32286726012F}.Debug|Any CPU.Build.0 = Debug|Any CPU
		{BB85CEF8-1A8C-4B05-BB34-32286726012F}.Debug|x64.ActiveCfg = Debug|Any CPU
		{BB85CEF8-1A8C-4B05-BB34-32286726012F}.Release|Any CPU.ActiveCfg = Release|Any CPU
		{BB85CEF8-1A8C-4B05-BB34-32286726012F}.Release|Any CPU.Build.0 = Release|Any CPU
		{BB85CEF8-1A8C-4B05-BB34-32286726012F}.Release|x64.ActiveCfg = Release|Any CPU
		{FFB99269-E3E1-403F-8BF6-D44380B240A3}.Debug|Any CPU.ActiveCfg = Debug|Any CPU
		{FFB99269-E3E1-403F-8BF6-D44380B240A3}.Debug|Any CPU.Build.0 = Debug|Any CPU
		{FFB99269-E3E1-403F-8BF6-D44380B240A3}.Debug|x64.ActiveCfg = Debug|Any CPU
		{FFB99269-E3E1-403F-8BF6-D44380B240A3}.Release|Any CPU.ActiveCfg = Release|Any CPU
		{FFB99269-E3E1-403F-8BF6-D44380B240A3}.Release|Any CPU.Build.0 = Release|Any CPU
		{FFB99269-E3E1-403F-8BF6-D44380B240A3}.Release|x64.ActiveCfg = Release|Any CPU
		{3E8F488F-E293-4CC9-B5A4-2B81CFD570DE}.Debug|Any CPU.ActiveCfg = Debug|Any CPU
		{3E8F488F-E293-4CC9-B5A4-2B81CFD570DE}.Debug|Any CPU.Build.0 = Debug|Any CPU
		{3E8F488F-E293-4CC9-B5A4-2B81CFD570DE}.Debug|x64.ActiveCfg = Debug|Any CPU
		{3E8F488F-E293-4CC9-B5A4-2B81CFD570DE}.Release|Any CPU.ActiveCfg = Release|Any CPU
		{3E8F488F-E293-4CC9-B5A4-2B81CFD570DE}.Release|Any CPU.Build.0 = Release|Any CPU
		{3E8F488F-E293-4CC9-B5A4-2B81CFD570DE}.Release|x64.ActiveCfg = Release|Any CPU
		{411D40FA-D466-48EA-A8F9-B22D95C79887}.Debug|Any CPU.ActiveCfg = Debug|Any CPU
		{411D40FA-D466-48EA-A8F9-B22D95C79887}.Debug|Any CPU.Build.0 = Debug|Any CPU
		{411D40FA-D466-48EA-A8F9-B22D95C79887}.Debug|x64.ActiveCfg = Debug|Any CPU
		{411D40FA-D466-48EA-A8F9-B22D95C79887}.Debug|x64.Build.0 = Debug|Any CPU
		{411D40FA-D466-48EA-A8F9-B22D95C79887}.Release|Any CPU.ActiveCfg = Release|Any CPU
		{411D40FA-D466-48EA-A8F9-B22D95C79887}.Release|Any CPU.Build.0 = Release|Any CPU
		{411D40FA-D466-48EA-A8F9-B22D95C79887}.Release|x64.ActiveCfg = Release|Any CPU
		{411D40FA-D466-48EA-A8F9-B22D95C79887}.Release|x64.Build.0 = Release|Any CPU
		{9FA705DB-6B47-436B-9763-951D63CCFE7A}.Debug|Any CPU.ActiveCfg = Debug|Any CPU
		{9FA705DB-6B47-436B-9763-951D63CCFE7A}.Debug|Any CPU.Build.0 = Debug|Any CPU
		{9FA705DB-6B47-436B-9763-951D63CCFE7A}.Debug|x64.ActiveCfg = Debug|Any CPU
		{9FA705DB-6B47-436B-9763-951D63CCFE7A}.Debug|x64.Build.0 = Debug|Any CPU
		{9FA705DB-6B47-436B-9763-951D63CCFE7A}.Release|Any CPU.ActiveCfg = Release|Any CPU
		{9FA705DB-6B47-436B-9763-951D63CCFE7A}.Release|Any CPU.Build.0 = Release|Any CPU
		{9FA705DB-6B47-436B-9763-951D63CCFE7A}.Release|x64.ActiveCfg = Release|Any CPU
		{9FA705DB-6B47-436B-9763-951D63CCFE7A}.Release|x64.Build.0 = Release|Any CPU
	EndGlobalSection
	GlobalSection(SolutionProperties) = preSolution
		HideSolutionNode = FALSE
	EndGlobalSection
	GlobalSection(NestedProjects) = preSolution
		{1BE36D4A-F81B-4D2F-A169-63F137594A82} = {ACC28B30-5197-4AF3-BA90-5EADB7FAEA6C}
		{0D83768E-5AA7-4C56-8596-432F896791A4} = {ACC28B30-5197-4AF3-BA90-5EADB7FAEA6C}
		{BB85CEF8-1A8C-4B05-BB34-32286726012F} = {9E23F1D5-938E-4723-B9EC-7F9486889745}
		{FFB99269-E3E1-403F-8BF6-D44380B240A3} = {ACC28B30-5197-4AF3-BA90-5EADB7FAEA6C}
		{3E8F488F-E293-4CC9-B5A4-2B81CFD570DE} = {9E23F1D5-938E-4723-B9EC-7F9486889745}
		{411D40FA-D466-48EA-A8F9-B22D95C79887} = {9E23F1D5-938E-4723-B9EC-7F9486889745}
		{9FA705DB-6B47-436B-9763-951D63CCFE7A} = {9E23F1D5-938E-4723-B9EC-7F9486889745}
	EndGlobalSection
	GlobalSection(ExtensibilityGlobals) = postSolution
		SolutionGuid = {87A7166C-1B80-40D4-8A91-A9E57AA30A5D}
	EndGlobalSection
EndGlobal
